
Microsoft Visual Studio Solution File, Format Version 12.00
# Visual Studio Version 17
VisualStudioVersion = 17.6.33717.318
MinimumVisualStudioVersion = 10.0.40219.1
Project("{F184B08F-C81C-45F6-A57F-5ABD9991F28F}") = "LOGIN", "LOGIN\LOGIN.vbproj", "{57F37A77-9F02-4BA0-A51B-6A932F1D274B}"
EndProject
Global
	GlobalSection(SolutionConfigurationPlatforms) = preSolution
		Debug|Any CPU = Debug|Any CPU
		Release|Any CPU = Release|Any CPU
	EndGlobalSection
	GlobalSection(ProjectConfigurationPlatforms) = postSolution
		{57F37A77-9F02-4BA0-A51B-6A932F1D274B}.Debug|Any CPU.ActiveCfg = Debug|Any CPU
		{57F37A77-9F02-4BA0-A51B-6A932F1D274B}.Debug|Any CPU.Build.0 = Debug|Any CPU
		{57F37A77-9F02-4BA0-A51B-6A932F1D274B}.Release|Any CPU.ActiveCfg = Release|Any CPU
		{57F37A77-9F02-4BA0-A51B-6A932F1D274B}.Release|Any CPU.Build.0 = Release|Any CPU
	EndGlobalSection
	GlobalSection(SolutionProperties) = preSolution
		HideSolutionNode = FALSE
	EndGlobalSection
	GlobalSection(ExtensibilityGlobals) = postSolution
		SolutionGuid = {81F5563C-4ACF-4C31-B343-8D052CF1F463}
	EndGlobalSection
EndGlobal
